
Microsoft Visual Studio Solution File, Format Version 12.00
# Visual Studio Version 17
VisualStudioVersion = 17.5.33414.496
MinimumVisualStudioVersion = 10.0.40219.1
Project("{9A19103F-16F7-4668-BE54-9A1E7A4F7556}") = "Glash.Agent.Protocol", "Glash.Agent.Protocol\Glash.Agent.Protocol.csproj", "{A793DFAA-D001-4404-AB30-F183DE9FD96E}"
EndProject
Project("{9A19103F-16F7-4668-BE54-9A1E7A4F7556}") = "Glash.Client.Protocol", "Glash.Client.Protocol\Glash.Client.Protocol.csproj", "{5DB2B061-9256-41D5-A36C-5DA84DCBA83C}"
EndProject
Project("{2150E333-8FDC-42A3-9474-1A3956D46DE8}") = "Protocols", "Protocols", "{0D39275F-6C10-4265-8760-D24305B6D4AA}"
EndProject
Project("{2150E333-8FDC-42A3-9474-1A3956D46DE8}") = "Core", "Core", "{D50839D0-F158-4BBF-8969-51FDCCFFACFF}"
EndProject
Project("{2150E333-8FDC-42A3-9474-1A3956D46DE8}") = "App", "App", "{3E403ACB-A35B-4DDD-8CEC-C65C5CB022F7}"
EndProject
Project("{9A19103F-16F7-4668-BE54-9A1E7A4F7556}") = "Glash.Model", "Glash.Model\Glash.Model.csproj", "{6890E21B-5702-44AA-8C2E-01DBDF99AFF4}"
EndProject
Project("{9A19103F-16F7-4668-BE54-9A1E7A4F7556}") = "Glash.Core", "Glash.Core\Glash.Core.csproj", "{39643219-9E21-40D2-9678-F5AAE553B2A7}"
EndProject
Project("{9A19103F-16F7-4668-BE54-9A1E7A4F7556}") = "Glash.Server.ConsoleApp", "Glash.Server.ConsoleApp\Glash.Server.ConsoleApp.csproj", "{31CE393D-0590-4376-B6BC-04F8E45017D4}"
EndProject
Project("{9A19103F-16F7-4668-BE54-9A1E7A4F7556}") = "Glash.Agent.ConsoleApp", "Glash.Agent.ConsoleApp\Glash.Agent.ConsoleApp.csproj", "{7371837C-24E7-48DE-97D2-3CC1C8023CAD}"
EndProject
Project("{9A19103F-16F7-4668-BE54-9A1E7A4F7556}") = "Glash.Client.ConsoleApp", "Glash.Client.ConsoleApp\Glash.Client.ConsoleApp.csproj", "{2E91D787-D1C1-4FE9-BC39-19603636CDC6}"
EndProject
Project("{9A19103F-16F7-4668-BE54-9A1E7A4F7556}") = "Glash.Server.WebApp", "Glash.Server.WebApp\Glash.Server.WebApp.csproj", "{C6EC36BD-3CB0-4EA4-81E9-8E6E050634E5}"
EndProject
Project("{9A19103F-16F7-4668-BE54-9A1E7A4F7556}") = "Glash.Client.WinForm", "Glash.Client.WinForm\Glash.Client.WinForm.csproj", "{F1DC53C7-2CD6-41AA-A41C-8ECAEEF9DFCA}"
EndProject
Global
	GlobalSection(SolutionConfigurationPlatforms) = preSolution
		Debug|Any CPU = Debug|Any CPU
		Release|Any CPU = Release|Any CPU
	EndGlobalSection
	GlobalSection(ProjectConfigurationPlatforms) = postSolution
		{A793DFAA-D001-4404-AB30-F183DE9FD96E}.Debug|Any CPU.ActiveCfg = Debug|Any CPU
		{A793DFAA-D001-4404-AB30-F183DE9FD96E}.Debug|Any CPU.Build.0 = Debug|Any CPU
		{A793DFAA-D001-4404-AB30-F183DE9FD96E}.Release|Any CPU.ActiveCfg = Release|Any CPU
		{A793DFAA-D001-4404-AB30-F183DE9FD96E}.Release|Any CPU.Build.0 = Release|Any CPU
		{5DB2B061-9256-41D5-A36C-5DA84DCBA83C}.Debug|Any CPU.ActiveCfg = Debug|Any CPU
		{5DB2B061-9256-41D5-A36C-5DA84DCBA83C}.Debug|Any CPU.Build.0 = Debug|Any CPU
		{5DB2B061-9256-41D5-A36C-5DA84DCBA83C}.Release|Any CPU.ActiveCfg = Release|Any CPU
		{5DB2B061-9256-41D5-A36C-5DA84DCBA83C}.Release|Any CPU.Build.0 = Release|Any CPU
		{6890E21B-5702-44AA-8C2E-01DBDF99AFF4}.Debug|Any CPU.ActiveCfg = Debug|Any CPU
		{6890E21B-5702-44AA-8C2E-01DBDF99AFF4}.Debug|Any CPU.Build.0 = Debug|Any CPU
		{6890E21B-5702-44AA-8C2E-01DBDF99AFF4}.Release|Any CPU.ActiveCfg = Release|Any CPU
		{6890E21B-5702-44AA-8C2E-01DBDF99AFF4}.Release|Any CPU.Build.0 = Release|Any CPU
		{39643219-9E21-40D2-9678-F5AAE553B2A7}.Debug|Any CPU.ActiveCfg = Debug|Any CPU
		{39643219-9E21-40D2-9678-F5AAE553B2A7}.Debug|Any CPU.Build.0 = Debug|Any CPU
		{39643219-9E21-40D2-9678-F5AAE553B2A7}.Release|Any CPU.ActiveCfg = Release|Any CPU
		{39643219-9E21-40D2-9678-F5AAE553B2A7}.Release|Any CPU.Build.0 = Release|Any CPU
		{31CE393D-0590-4376-B6BC-04F8E45017D4}.Debug|Any CPU.ActiveCfg = Debug|Any CPU
		{31CE393D-0590-4376-B6BC-04F8E45017D4}.Debug|Any CPU.Build.0 = Debug|Any CPU
		{31CE393D-0590-4376-B6BC-04F8E45017D4}.Release|Any CPU.ActiveCfg = Release|Any CPU
		{31CE393D-0590-4376-B6BC-04F8E45017D4}.Release|Any CPU.Build.0 = Release|Any CPU
		{7371837C-24E7-48DE-97D2-3CC1C8023CAD}.Debug|Any CPU.ActiveCfg = Debug|Any CPU
		{7371837C-24E7-48DE-97D2-3CC1C8023CAD}.Debug|Any CPU.Build.0 = Debug|Any CPU
		{7371837C-24E7-48DE-97D2-3CC1C8023CAD}.Release|Any CPU.ActiveCfg = Release|Any CPU
		{7371837C-24E7-48DE-97D2-3CC1C8023CAD}.Release|Any CPU.Build.0 = Release|Any CPU
		{2E91D787-D1C1-4FE9-BC39-19603636CDC6}.Debug|Any CPU.ActiveCfg = Debug|Any CPU
		{2E91D787-D1C1-4FE9-BC39-19603636CDC6}.Debug|Any CPU.Build.0 = Debug|Any CPU
		{2E91D787-D1C1-4FE9-BC39-19603636CDC6}.Release|Any CPU.ActiveCfg = Release|Any CPU
		{2E91D787-D1C1-4FE9-BC39-19603636CDC6}.Release|Any CPU.Build.0 = Release|Any CPU
		{C6EC36BD-3CB0-4EA4-81E9-8E6E050634E5}.Debug|Any CPU.ActiveCfg = Debug|Any CPU
		{C6EC36BD-3CB0-4EA4-81E9-8E6E050634E5}.Debug|Any CPU.Build.0 = Debug|Any CPU
		{C6EC36BD-3CB0-4EA4-81E9-8E6E050634E5}.Release|Any CPU.ActiveCfg = Release|Any CPU
		{C6EC36BD-3CB0-4EA4-81E9-8E6E050634E5}.Release|Any CPU.Build.0 = Release|Any CPU
		{F1DC53C7-2CD6-41AA-A41C-8ECAEEF9DFCA}.Debug|Any CPU.ActiveCfg = Debug|Any CPU
		{F1DC53C7-2CD6-41AA-A41C-8ECAEEF9DFCA}.Debug|Any CPU.Build.0 = Debug|Any CPU
		{F1DC53C7-2CD6-41AA-A41C-8ECAEEF9DFCA}.Release|Any CPU.ActiveCfg = Release|Any CPU
		{F1DC53C7-2CD6-41AA-A41C-8ECAEEF9DFCA}.Release|Any CPU.Build.0 = Release|Any CPU
	EndGlobalSection
	GlobalSection(SolutionProperties) = preSolution
		HideSolutionNode = FALSE
	EndGlobalSection
	GlobalSection(NestedProjects) = preSolution
		{A793DFAA-D001-4404-AB30-F183DE9FD96E} = {0D39275F-6C10-4265-8760-D24305B6D4AA}
		{5DB2B061-9256-41D5-A36C-5DA84DCBA83C} = {0D39275F-6C10-4265-8760-D24305B6D4AA}
		{6890E21B-5702-44AA-8C2E-01DBDF99AFF4} = {D50839D0-F158-4BBF-8969-51FDCCFFACFF}
		{39643219-9E21-40D2-9678-F5AAE553B2A7} = {D50839D0-F158-4BBF-8969-51FDCCFFACFF}
		{31CE393D-0590-4376-B6BC-04F8E45017D4} = {3E403ACB-A35B-4DDD-8CEC-C65C5CB022F7}
		{7371837C-24E7-48DE-97D2-3CC1C8023CAD} = {3E403ACB-A35B-4DDD-8CEC-C65C5CB022F7}
		{2E91D787-D1C1-4FE9-BC39-19603636CDC6} = {3E403ACB-A35B-4DDD-8CEC-C65C5CB022F7}
		{C6EC36BD-3CB0-4EA4-81E9-8E6E050634E5} = {3E403ACB-A35B-4DDD-8CEC-C65C5CB022F7}
		{F1DC53C7-2CD6-41AA-A41C-8ECAEEF9DFCA} = {3E403ACB-A35B-4DDD-8CEC-C65C5CB022F7}
	EndGlobalSection
	GlobalSection(ExtensibilityGlobals) = postSolution
		SolutionGuid = {6DB86FF5-9232-4A7E-AFAC-1342B77700E7}
	EndGlobalSection
EndGlobal
